
Microsoft Visual Studio Solution File, Format Version 12.00
# Visual Studio 15
VisualStudioVersion = 15.0.26730.12
MinimumVisualStudioVersion = 10.0.40219.1
Project("{FAE04EC0-301F-11D3-BF4B-00C04F79EFBC}") = "3. semester projekt", "3. semester projekt\3. semester projekt.csproj", "{A2E12403-8E3F-4FC5-983B-46E22C9188B4}"
EndProject
Global
	GlobalSection(SolutionConfigurationPlatforms) = preSolution
		Debug|Any CPU = Debug|Any CPU
		Release|Any CPU = Release|Any CPU
	EndGlobalSection
	GlobalSection(ProjectConfigurationPlatforms) = postSolution
		{A2E12403-8E3F-4FC5-983B-46E22C9188B4}.Debug|Any CPU.ActiveCfg = Debug|Any CPU
		{A2E12403-8E3F-4FC5-983B-46E22C9188B4}.Debug|Any CPU.Build.0 = Debug|Any CPU
		{A2E12403-8E3F-4FC5-983B-46E22C9188B4}.Release|Any CPU.ActiveCfg = Release|Any CPU
		{A2E12403-8E3F-4FC5-983B-46E22C9188B4}.Release|Any CPU.Build.0 = Release|Any CPU
	EndGlobalSection
	GlobalSection(SolutionProperties) = preSolution
		HideSolutionNode = FALSE
	EndGlobalSection
	GlobalSection(ExtensibilityGlobals) = postSolution
		SolutionGuid = {66979F71-C737-422E-98A6-322226C5B9D5}
	EndGlobalSection
EndGlobal
