
Microsoft Visual Studio Solution File, Format Version 12.00
# Visual Studio 15
VisualStudioVersion = 15.0.27004.2009
MinimumVisualStudioVersion = 10.0.40219.1
Project("{FAE04EC0-301F-11D3-BF4B-00C04F79EFBC}") = "Core", "Domain\Core.csproj", "{3E8C167C-BC2D-4CA0-A666-D3C4AF3B9DB0}"
EndProject
Project("{FAE04EC0-301F-11D3-BF4B-00C04F79EFBC}") = "DatabaseAccess", "DatabaseAccess\DatabaseAccess.csproj", "{61DFD29F-5446-4AFE-AB42-D80B26E6FDC2}"
EndProject
Project("{FAE04EC0-301F-11D3-BF4B-00C04F79EFBC}") = "BusinessLogic", "BusinessLogic\BusinessLogic.csproj", "{F9F9296A-AEF1-4FB7-9AEC-DA0D2DAF8207}"
EndProject
Project("{FAE04EC0-301F-11D3-BF4B-00C04F79EFBC}") = "Tests", "MailingService.Tests\Tests.csproj", "{879FA0F2-D2CF-4DDA-85DA-146AEC9CEFD5}"
EndProject
Project("{FAE04EC0-301F-11D3-BF4B-00C04F79EFBC}") = "DesktopClient", "DesktopClient\DesktopClient.csproj", "{D9DA16D8-A24F-433D-80EB-FFAE774BF816}"
EndProject
Project("{FAE04EC0-301F-11D3-BF4B-00C04F79EFBC}") = "EasyScheduleWebClient", "EasyScheduleWebClient\EasyScheduleWebClient.csproj", "{A0BA2954-4A39-45C1-A329-F942E52082B3}"
EndProject
Project("{FAE04EC0-301F-11D3-BF4B-00C04F79EFBC}") = "ServiceHosting", "ServiceHosting\ServiceHosting.csproj", "{E55FC70A-C764-4CDC-89BD-AB06090F4813}"
EndProject
Project("{FAE04EC0-301F-11D3-BF4B-00C04F79EFBC}") = "ServiceLibrary", "ServiceLibrary\ServiceLibrary.csproj", "{7A2ED209-F25F-435F-9F5F-85CED99BD530}"
EndProject
Global
	GlobalSection(SolutionConfigurationPlatforms) = preSolution
		Debug|Any CPU = Debug|Any CPU
		Release|Any CPU = Release|Any CPU
	EndGlobalSection
	GlobalSection(ProjectConfigurationPlatforms) = postSolution
		{3E8C167C-BC2D-4CA0-A666-D3C4AF3B9DB0}.Debug|Any CPU.ActiveCfg = Debug|Any CPU
		{3E8C167C-BC2D-4CA0-A666-D3C4AF3B9DB0}.Debug|Any CPU.Build.0 = Debug|Any CPU
		{3E8C167C-BC2D-4CA0-A666-D3C4AF3B9DB0}.Release|Any CPU.ActiveCfg = Release|Any CPU
		{3E8C167C-BC2D-4CA0-A666-D3C4AF3B9DB0}.Release|Any CPU.Build.0 = Release|Any CPU
		{61DFD29F-5446-4AFE-AB42-D80B26E6FDC2}.Debug|Any CPU.ActiveCfg = Debug|Any CPU
		{61DFD29F-5446-4AFE-AB42-D80B26E6FDC2}.Debug|Any CPU.Build.0 = Debug|Any CPU
		{61DFD29F-5446-4AFE-AB42-D80B26E6FDC2}.Release|Any CPU.ActiveCfg = Release|Any CPU
		{61DFD29F-5446-4AFE-AB42-D80B26E6FDC2}.Release|Any CPU.Build.0 = Release|Any CPU
		{F9F9296A-AEF1-4FB7-9AEC-DA0D2DAF8207}.Debug|Any CPU.ActiveCfg = Debug|Any CPU
		{F9F9296A-AEF1-4FB7-9AEC-DA0D2DAF8207}.Debug|Any CPU.Build.0 = Debug|Any CPU
		{F9F9296A-AEF1-4FB7-9AEC-DA0D2DAF8207}.Release|Any CPU.ActiveCfg = Release|Any CPU
		{F9F9296A-AEF1-4FB7-9AEC-DA0D2DAF8207}.Release|Any CPU.Build.0 = Release|Any CPU
		{879FA0F2-D2CF-4DDA-85DA-146AEC9CEFD5}.Debug|Any CPU.ActiveCfg = Debug|Any CPU
		{879FA0F2-D2CF-4DDA-85DA-146AEC9CEFD5}.Debug|Any CPU.Build.0 = Debug|Any CPU
		{879FA0F2-D2CF-4DDA-85DA-146AEC9CEFD5}.Release|Any CPU.ActiveCfg = Release|Any CPU
		{879FA0F2-D2CF-4DDA-85DA-146AEC9CEFD5}.Release|Any CPU.Build.0 = Release|Any CPU
		{D9DA16D8-A24F-433D-80EB-FFAE774BF816}.Debug|Any CPU.ActiveCfg = Debug|Any CPU
		{D9DA16D8-A24F-433D-80EB-FFAE774BF816}.Debug|Any CPU.Build.0 = Debug|Any CPU
		{D9DA16D8-A24F-433D-80EB-FFAE774BF816}.Release|Any CPU.ActiveCfg = Release|Any CPU
		{D9DA16D8-A24F-433D-80EB-FFAE774BF816}.Release|Any CPU.Build.0 = Release|Any CPU
		{A0BA2954-4A39-45C1-A329-F942E52082B3}.Debug|Any CPU.ActiveCfg = Debug|Any CPU
		{A0BA2954-4A39-45C1-A329-F942E52082B3}.Debug|Any CPU.Build.0 = Debug|Any CPU
		{A0BA2954-4A39-45C1-A329-F942E52082B3}.Release|Any CPU.ActiveCfg = Release|Any CPU
		{A0BA2954-4A39-45C1-A329-F942E52082B3}.Release|Any CPU.Build.0 = Release|Any CPU
		{E55FC70A-C764-4CDC-89BD-AB06090F4813}.Debug|Any CPU.ActiveCfg = Debug|Any CPU
		{E55FC70A-C764-4CDC-89BD-AB06090F4813}.Debug|Any CPU.Build.0 = Debug|Any CPU
		{E55FC70A-C764-4CDC-89BD-AB06090F4813}.Release|Any CPU.ActiveCfg = Release|Any CPU
		{E55FC70A-C764-4CDC-89BD-AB06090F4813}.Release|Any CPU.Build.0 = Release|Any CPU
		{7A2ED209-F25F-435F-9F5F-85CED99BD530}.Debug|Any CPU.ActiveCfg = Debug|Any CPU
		{7A2ED209-F25F-435F-9F5F-85CED99BD530}.Debug|Any CPU.Build.0 = Debug|Any CPU
		{7A2ED209-F25F-435F-9F5F-85CED99BD530}.Release|Any CPU.ActiveCfg = Release|Any CPU
		{7A2ED209-F25F-435F-9F5F-85CED99BD530}.Release|Any CPU.Build.0 = Release|Any CPU
	EndGlobalSection
	GlobalSection(SolutionProperties) = preSolution
		HideSolutionNode = FALSE
	EndGlobalSection
	GlobalSection(ExtensibilityGlobals) = postSolution
		SolutionGuid = {66979F71-C737-422E-98A6-322226C5B9D5}
	EndGlobalSection
EndGlobal
